version: 2.0
shards:
  commander:
    git: https://github.com/mrrooijen/commander.git
    version: 0.4.0

  crystar:
    git: https://github.com/naqvis/crystar.git
    version: 0.4.0

  docr:
    git: https://github.com/ralsina/docr.git
    version: 0.1.1+git.commit.18f15cc7111b1d0c63347c7cca07aee9ec87a7a8

