version: 2.0
shards:
  backtracer:
    git: https://github.com/sija/backtracer.cr.git
    version: 1.2.2

  base58:
    git: https://github.com/crystal-china/base58.cr.git
    version: 0.1.0+git.commit.4c521350c6358b6c04f64dc625e26a8f782a699d

  cr-config:
    git: https://github.com/crystal-community/cr-config.git
    version: 5.1.0+git.commit.5eae3dfbf97da7dfa7c6e64a2a508069948518d3

  crest:
    git: https://github.com/mamantoha/crest.git
    version: 1.3.13

  crinja:
    git: https://github.com/straight-shoota/crinja.git
    version: 0.8.1

  crystar:
    git: https://github.com/naqvis/crystar.git
    version: 0.4.0

  docopt:
    git: https://github.com/chenkovsky/docopt.cr.git
    version: 0.2.0+git.commit.620fce4f334ff15d7321e5ecb6665ad258fe9297

  docr:
    git: https://github.com/ralsina/docr.git
    version: 0.1.1+git.commit.98a20178d5ae1391f1cd56e372530de6aa2b1ebc

  exception_page:
    git: https://github.com/crystal-loot/exception_page.git
    version: 0.4.1

  http-client-digest_auth:
    git: https://github.com/mamantoha/http-client-digest_auth.git
    version: 0.6.0

  http_proxy:
    git: https://github.com/mamantoha/http_proxy.git
    version: 0.10.3

  kemal:
    git: https://github.com/kemalcr/kemal.git
    version: 1.5.0

  kemal-basic-auth:
    git: https://github.com/kemalcr/kemal-basic-auth.git
    version: 1.0.0

  oplog:
    git: https://github.com/ralsina/oplog.git
    version: 0.1.0+git.commit.6419ac30e4a8cfc7beb57b2b01d9d6f5efc7b389

  radix:
    git: https://github.com/luislavena/radix.git
    version: 0.4.1

  rucksack:
    git: https://github.com/busyloop/rucksack.git
    version: 2.0.0
