version: 2.0
shards:
  backtracer:
    git: https://github.com/sija/backtracer.cr.git
    version: 1.2.2

  commander:
    git: https://github.com/mrrooijen/commander.git
    version: 0.4.0

  crinja:
    git: https://github.com/straight-shoota/crinja.git
    version: 0.8.1

  crystar:
    git: https://github.com/naqvis/crystar.git
    version: 0.4.0

  docr:
    git: https://github.com/ralsina/docr.git
    version: 0.1.1+git.commit.18f15cc7111b1d0c63347c7cca07aee9ec87a7a8

  exception_page:
    git: https://github.com/crystal-loot/exception_page.git
    version: 0.4.1

  kemal:
    git: https://github.com/kemalcr/kemal.git
    version: 1.5.0

  radix:
    git: https://github.com/luislavena/radix.git
    version: 0.4.1

